
Microsoft Visual Studio Solution File, Format Version 12.00
# Visual Studio Version 17
VisualStudioVersion = 17.9.34728.123
MinimumVisualStudioVersion = 10.0.40219.1
Project("{9A19103F-16F7-4668-BE54-9A1E7A4F7556}") = "Math Puzzle Game", "WinFormsApp2\Math Puzzle Game.csproj", "{2B81EAF1-FE1C-4509-8C10-0EC32BA68A95}"
EndProject
Global
	GlobalSection(SolutionConfigurationPlatforms) = preSolution
		Debug|Any CPU = Debug|Any CPU
		Release|Any CPU = Release|Any CPU
	EndGlobalSection
	GlobalSection(ProjectConfigurationPlatforms) = postSolution
		{2B81EAF1-FE1C-4509-8C10-0EC32BA68A95}.Debug|Any CPU.ActiveCfg = Debug|Any CPU
		{2B81EAF1-FE1C-4509-8C10-0EC32BA68A95}.Debug|Any CPU.Build.0 = Debug|Any CPU
		{2B81EAF1-FE1C-4509-8C10-0EC32BA68A95}.Release|Any CPU.ActiveCfg = Release|Any CPU
		{2B81EAF1-FE1C-4509-8C10-0EC32BA68A95}.Release|Any CPU.Build.0 = Release|Any CPU
	EndGlobalSection
	GlobalSection(SolutionProperties) = preSolution
		HideSolutionNode = FALSE
	EndGlobalSection
	GlobalSection(ExtensibilityGlobals) = postSolution
		SolutionGuid = {B512CBC8-7881-4871-BE8D-34812A4488D1}
	EndGlobalSection
EndGlobal
